// !$*UTF8*$!
{
	archiveVersion = 1;
	classes = {
	};
	objectVersion = 46;
	objects = {

/* Begin PBXBuildFile section */
		A55153151C7CAA87003CA238 /* AppDelegate.swift in Sources */ = {isa = PBXBuildFile; fileRef = A55153141C7CAA87003CA238 /* AppDelegate.swift */; };
		A55153171C7CAA87003CA238 /* ViewController.swift in Sources */ = {isa = PBXBuildFile; fileRef = A55153161C7CAA87003CA238 /* ViewController.swift */; };
		A551531A1C7CAA87003CA238 /* Main.storyboard in Resources */ = {isa = PBXBuildFile; fileRef = A55153181C7CAA87003CA238 /* Main.storyboard */; };
		A551531C1C7CAA87003CA238 /* Assets.xcassets in Resources */ = {isa = PBXBuildFile; fileRef = A551531B1C7CAA87003CA238 /* Assets.xcassets */; };
		A551531F1C7CAA87003CA238 /* LaunchScreen.storyboard in Resources */ = {isa = PBXBuildFile; fileRef = A551531D1C7CAA87003CA238 /* LaunchScreen.storyboard */; };
		A551534B1C7CAAC5003CA238 /* TimelineLeftNodeView.swift in Sources */ = {isa = PBXBuildFile; fileRef = A55153451C7CAAC5003CA238 /* TimelineLeftNodeView.swift */; };
		A551534C1C7CAAC5003CA238 /* TimelineLeftNodeView.xib in Resources */ = {isa = PBXBuildFile; fileRef = A55153461C7CAAC5003CA238 /* TimelineLeftNodeView.xib */; };
		A551534D1C7CAAC5003CA238 /* TimelineRightNodeView.swift in Sources */ = {isa = PBXBuildFile; fileRef = A55153471C7CAAC5003CA238 /* TimelineRightNodeView.swift */; };
		A551534E1C7CAAC5003CA238 /* TimelineRightNodeView.xib in Resources */ = {isa = PBXBuildFile; fileRef = A55153481C7CAAC5003CA238 /* TimelineRightNodeView.xib */; };
		A551534F1C7CAAC5003CA238 /* TimelineViewController.swift in Sources */ = {isa = PBXBuildFile; fileRef = A55153491C7CAAC5003CA238 /* TimelineViewController.swift */; };
		A55153501C7CAAC5003CA238 /* TimelineViewController.xib in Resources */ = {isa = PBXBuildFile; fileRef = A551534A1C7CAAC5003CA238 /* TimelineViewController.xib */; };
/* End PBXBuildFile section */

/* Begin PBXFileReference section */
		A55153111C7CAA87003CA238 /* Timeline.app */ = {isa = PBXFileReference; explicitFileType = wrapper.application; includeInIndex = 0; path = Timeline.app; sourceTree = BUILT_PRODUCTS_DIR; };
		A55153141C7CAA87003CA238 /* AppDelegate.swift */ = {isa = PBXFileReference; lastKnownFileType = sourcecode.swift; path = AppDelegate.swift; sourceTree = "<group>"; };
		A55153161C7CAA87003CA238 /* ViewController.swift */ = {isa = PBXFileReference; lastKnownFileType = sourcecode.swift; path = ViewController.swift; sourceTree = "<group>"; };
		A55153191C7CAA87003CA238 /* Base */ = {isa = PBXFileReference; lastKnownFileType = file.storyboard; name = Base; path = Base.lproj/Main.storyboard; sourceTree = "<group>"; };
		A551531B1C7CAA87003CA238 /* Assets.xcassets */ = {isa = PBXFileReference; lastKnownFileType = folder.assetcatalog; path = Assets.xcassets; sourceTree = "<group>"; };
		A551531E1C7CAA87003CA238 /* Base */ = {isa = PBXFileReference; lastKnownFileType = file.storyboard; name = Base; path = Base.lproj/LaunchScreen.storyboard; sourceTree = "<group>"; };
		A55153201C7CAA87003CA238 /* Info.plist */ = {isa = PBXFileReference; lastKnownFileType = text.plist.xml; path = Info.plist; sourceTree = "<group>"; };
		A55153451C7CAAC5003CA238 /* TimelineLeftNodeView.swift */ = {isa = PBXFileReference; fileEncoding = 4; lastKnownFileType = sourcecode.swift; path = TimelineLeftNodeView.swift; sourceTree = "<group>"; };
		A55153461C7CAAC5003CA238 /* TimelineLeftNodeView.xib */ = {isa = PBXFileReference; fileEncoding = 4; lastKnownFileType = file.xib; path = TimelineLeftNodeView.xib; sourceTree = "<group>"; };
		A55153471C7CAAC5003CA238 /* TimelineRightNodeView.swift */ = {isa = PBXFileReference; fileEncoding = 4; lastKnownFileType = sourcecode.swift; path = TimelineRightNodeView.swift; sourceTree = "<group>"; };
		A55153481C7CAAC5003CA238 /* TimelineRightNodeView.xib */ = {isa = PBXFileReference; fileEncoding = 4; lastKnownFileType = file.xib; path = TimelineRightNodeView.xib; sourceTree = "<group>"; };
		A55153491C7CAAC5003CA238 /* TimelineViewController.swift */ = {isa = PBXFileReference; fileEncoding = 4; lastKnownFileType = sourcecode.swift; path = TimelineViewController.swift; sourceTree = "<group>"; };
		A551534A1C7CAAC5003CA238 /* TimelineViewController.xib */ = {isa = PBXFileReference; fileEncoding = 4; lastKnownFileType = file.xib; path = TimelineViewController.xib; sourceTree = "<group>"; };
/* End PBXFileReference section */

/* Begin PBXFrameworksBuildPhase section */
		A551530E1C7CAA87003CA238 /* Frameworks */ = {
			isa = PBXFrameworksBuildPhase;
			buildActionMask = 2147483647;
			files = (
			);
			runOnlyForDeploymentPostprocessing = 0;
		};
/* End PBXFrameworksBuildPhase section */

/* Begin PBXGroup section */
		A55153081C7CAA87003CA238 = {
			isa = PBXGroup;
			children = (
				A55153131C7CAA87003CA238 /* Timeline */,
				A55153121C7CAA87003CA238 /* Products */,
			);
			sourceTree = "<group>";
		};
		A55153121C7CAA87003CA238 /* Products */ = {
			isa = PBXGroup;
			children = (
				A55153111C7CAA87003CA238 /* Timeline.app */,
			);
			name = Products;
			sourceTree = "<group>";
		};
		A55153131C7CAA87003CA238 /* Timeline */ = {
			isa = PBXGroup;
			children = (
				A55153441C7CAAC5003CA238 /* Timeline */,
				A55153141C7CAA87003CA238 /* AppDelegate.swift */,
				A55153161C7CAA87003CA238 /* ViewController.swift */,
				A55153181C7CAA87003CA238 /* Main.storyboard */,
				A551531B1C7CAA87003CA238 /* Assets.xcassets */,
				A551531D1C7CAA87003CA238 /* LaunchScreen.storyboard */,
				A55153201C7CAA87003CA238 /* Info.plist */,
			);
			path = Timeline;
			sourceTree = "<group>";
		};
		A55153441C7CAAC5003CA238 /* Timeline */ = {
			isa = PBXGroup;
			children = (
				A55153451C7CAAC5003CA238 /* TimelineLeftNodeView.swift */,
				A55153461C7CAAC5003CA238 /* TimelineLeftNodeView.xib */,
				A55153471C7CAAC5003CA238 /* TimelineRightNodeView.swift */,
				A55153481C7CAAC5003CA238 /* TimelineRightNodeView.xib */,
				A55153491C7CAAC5003CA238 /* TimelineViewController.swift */,
				A551534A1C7CAAC5003CA238 /* TimelineViewController.xib */,
			);
			path = Timeline;
			sourceTree = "<group>";
		};
/* End PBXGroup section */

/* Begin PBXNativeTarget section */
		A55153101C7CAA87003CA238 /* Timeline */ = {
			isa = PBXNativeTarget;
			buildConfigurationList = A55153231C7CAA87003CA238 /* Build configuration list for PBXNativeTarget "Timeline" */;
			buildPhases = (
				A551530D1C7CAA87003CA238 /* Sources */,
				A551530E1C7CAA87003CA238 /* Frameworks */,
				A551530F1C7CAA87003CA238 /* Resources */,
			);
			buildRules = (
			);
			dependencies = (
			);
			name = Timeline;
			productName = Timeline;
			productReference = A55153111C7CAA87003CA238 /* Timeline.app */;
			productType = "com.apple.product-type.application";
		};
/* End PBXNativeTarget section */

/* Begin PBXProject section */
		A55153091C7CAA87003CA238 /* Project object */ = {
			isa = PBXProject;
			attributes = {
				LastSwiftUpdateCheck = 0720;
				LastUpgradeCheck = 0720;
				ORGANIZATIONNAME = Elsammak;
				TargetAttributes = {
					A55153101C7CAA87003CA238 = {
						CreatedOnToolsVersion = 7.2;
						DevelopmentTeam = 6VL7D4445C;
					};
				};
			};
			buildConfigurationList = A551530C1C7CAA87003CA238 /* Build configuration list for PBXProject "Timeline" */;
			compatibilityVersion = "Xcode 3.2";
			developmentRegion = English;
			hasScannedForEncodings = 0;
			knownRegions = (
				en,
				Base,
			);
			mainGroup = A55153081C7CAA87003CA238;
			productRefGroup = A55153121C7CAA87003CA238 /* Products */;
			projectDirPath = "";
			projectRoot = "";
			targets = (
				A55153101C7CAA87003CA238 /* Timeline */,
			);
		};
/* End PBXProject section */

/* Begin PBXResourcesBuildPhase section */
		A551530F1C7CAA87003CA238 /* Resources */ = {
			isa = PBXResourcesBuildPhase;
			buildActionMask = 2147483647;
			files = (
				A551534C1C7CAAC5003CA238 /* TimelineLeftNodeView.xib in Resources */,
				A551531F1C7CAA87003CA238 /* LaunchScreen.storyboard in Resources */,
				A551531C1C7CAA87003CA238 /* Assets.xcassets in Resources */,
				A55153501C7CAAC5003CA238 /* TimelineViewController.xib in Resources */,
				A551534E1C7CAAC5003CA238 /* TimelineRightNodeView.xib in Resources */,
				A551531A1C7CAA87003CA238 /* Main.storyboard in Resources */,
			);
			runOnlyForDeploymentPostprocessing = 0;
		};
/* End PBXResourcesBuildPhase section */

/* Begin PBXSourcesBuildPhase section */
		A551530D1C7CAA87003CA238 /* Sources */ = {
			isa = PBXSourcesBuildPhase;
			buildActionMask = 2147483647;
			files = (
				A551534D1C7CAAC5003CA238 /* TimelineRightNodeView.swift in Sources */,
				A55153171C7CAA87003CA238 /* ViewController.swift in Sources */,
				A55153151C7CAA87003CA238 /* AppDelegate.swift in Sources */,
				A551534B1C7CAAC5003CA238 /* TimelineLeftNodeView.swift in Sources */,
				A551534F1C7CAAC5003CA238 /* TimelineViewController.swift in Sources */,
			);
			runOnlyForDeploymentPostprocessing = 0;
		};
/* End PBXSourcesBuildPhase section */

/* Begin PBXVariantGroup section */
		A55153181C7CAA87003CA238 /* Main.storyboard */ = {
			isa = PBXVariantGroup;
			children = (
				A55153191C7CAA87003CA238 /* Base */,
			);
			name = Main.storyboard;
			sourceTree = "<group>";
		};
		A551531D1C7CAA87003CA238 /* LaunchScreen.storyboard */ = {
			isa = PBXVariantGroup;
			children = (
				A551531E1C7CAA87003CA238 /* Base */,
			);
			name = LaunchScreen.storyboard;
			sourceTree = "<group>";
		};
/* End PBXVariantGroup section */

/* Begin XCBuildConfiguration section */
		A55153211C7CAA87003CA238 /* Debug */ = {
			isa = XCBuildConfiguration;
			buildSettings = {
				ALWAYS_SEARCH_USER_PATHS = NO;
				CLANG_CXX_LANGUAGE_STANDARD = "gnu++0x";
				CLANG_CXX_LIBRARY = "libc++";
				CLANG_ENABLE_MODULES = YES;
				CLANG_ENABLE_OBJC_ARC = YES;
				CLANG_WARN_BOOL_CONVERSION = YES;
				CLANG_WARN_CONSTANT_CONVERSION = YES;
				CLANG_WARN_DIRECT_OBJC_ISA_USAGE = YES_ERROR;
				CLANG_WARN_EMPTY_BODY = YES;
				CLANG_WARN_ENUM_CONVERSION = YES;
				CLANG_WARN_INT_CONVERSION = YES;
				CLANG_WARN_OBJC_ROOT_CLASS = YES_ERROR;
				CLANG_WARN_UNREACHABLE_CODE = YES;
				CLANG_WARN__DUPLICATE_METHOD_MATCH = YES;
				"CODE_SIGN_IDENTITY[sdk=iphoneos*]" = "iPhone Developer";
				COPY_PHASE_STRIP = NO;
				DEBUG_INFORMATION_FORMAT = dwarf;
				ENABLE_STRICT_OBJC_MSGSEND = YES;
				ENABLE_TESTABILITY = YES;
				GCC_C_LANGUAGE_STANDARD = gnu99;
				GCC_DYNAMIC_NO_PIC = NO;
				GCC_NO_COMMON_BLOCKS = YES;
				GCC_OPTIMIZATION_LEVEL = 0;
				GCC_PREPROCESSOR_DEFINITIONS = (
					"DEBUG=1",
					"$(inherited)",
				);
				GCC_WARN_64_TO_32_BIT_CONVERSION = YES;
				GCC_WARN_ABOUT_RETURN_TYPE = YES_ERROR;
				GCC_WARN_UNDECLARED_SELECTOR = YES;
				GCC_WARN_UNINITIALIZED_AUTOS = YES_AGGRESSIVE;
				GCC_WARN_UNUSED_FUNCTION = YES;
				GCC_WARN_UNUSED_VARIABLE = YES;
				IPHONEOS_DEPLOYMENT_TARGET = 9.2;
				MTL_ENABLE_DEBUG_INFO = YES;
				ONLY_ACTIVE_ARCH = YES;
				SDKROOT = iphoneos;
				SWIFT_OPTIMIZATION_LEVEL = "-Onone";
				TARGETED_DEVICE_FAMILY = "1,2";
			};
			name = Debug;
		};
		A55153221C7CAA87003CA238 /* Release */ = {
			isa = XCBuildConfiguration;
			buildSettings = {
				ALWAYS_SEARCH_USER_PATHS = NO;
				CLANG_CXX_LANGUAGE_STANDARD = "gnu++0x";
				CLANG_CXX_LIBRARY = "libc++";
				CLANG_ENABLE_MODULES = YES;
				CLANG_ENABLE_OBJC_ARC = YES;
				CLANG_WARN_BOOL_CONVERSION = YES;
				CLANG_WARN_CONSTANT_CONVERSION = YES;
				CLANG_WARN_DIRECT_OBJC_ISA_USAGE = YES_ERROR;
				CLANG_WARN_EMPTY_BODY = YES;
				CLANG_WARN_ENUM_CONVERSION = YES;
				CLANG_WARN_INT_CONVERSION = YES;
				CLANG_WARN_OBJC_ROOT_CLASS = YES_ERROR;
				CLANG_WARN_UNREACHABLE_CODE = YES;
				CLANG_WARN__DUPLICATE_METHOD_MATCH = YES;
				"CODE_SIGN_IDENTITY[sdk=iphoneos*]" = "iPhone Developer";
				COPY_PHASE_STRIP = NO;
				DEBUG_INFORMATION_FORMAT = "dwarf-with-dsym";
				ENABLE_NS_ASSERTIONS = NO;
				ENABLE_STRICT_OBJC_MSGSEND = YES;
				GCC_C_LANGUAGE_STANDARD = gnu99;
				GCC_NO_COMMON_BLOCKS = YES;
				GCC_WARN_64_TO_32_BIT_CONVERSION = YES;
				GCC_WARN_ABOUT_RETURN_TYPE = YES_ERROR;
				GCC_WARN_UNDECLARED_SELECTOR = YES;
				GCC_WARN_UNINITIALIZED_AUTOS = YES_AGGRESSIVE;
				GCC_WARN_UNUSED_FUNCTION = YES;
				GCC_WARN_UNUSED_VARIABLE = YES;
				IPHONEOS_DEPLOYMENT_TARGET = 9.2;
				MTL_ENABLE_DEBUG_INFO = NO;
				SDKROOT = iphoneos;
				TARGETED_DEVICE_FAMILY = "1,2";
				VALIDATE_PRODUCT = YES;
			};
			name = Release;
		};
		A55153241C7CAA87003CA238 /* Debug */ = {
			isa = XCBuildConfiguration;
			buildSettings = {
				ASSETCATALOG_COMPILER_APPICON_NAME = AppIcon;
				INFOPLIST_FILE = Timeline/Info.plist;
				LD_RUNPATH_SEARCH_PATHS = "$(inherited) @executable_path/Frameworks";
				PRODUCT_BUNDLE_IDENTIFIER = com.elsammak.Timeline;
				PRODUCT_NAME = "$(TARGET_NAME)";
			};
			name = Debug;
		};
		A55153251C7CAA87003CA238 /* Release */ = {
			isa = XCBuildConfiguration;
			buildSettings = {
				ASSETCATALOG_COMPILER_APPICON_NAME = AppIcon;
				INFOPLIST_FILE = Timeline/Info.plist;
				LD_RUNPATH_SEARCH_PATHS = "$(inherited) @executable_path/Frameworks";
				PRODUCT_BUNDLE_IDENTIFIER = com.elsammak.Timeline;
				PRODUCT_NAME = "$(TARGET_NAME)";
			};
			name = Release;
		};
/* End XCBuildConfiguration section */

/* Begin XCConfigurationList section */
		A551530C1C7CAA87003CA238 /* Build configuration list for PBXProject "Timeline" */ = {
			isa = XCConfigurationList;
			buildConfigurations = (
				A55153211C7CAA87003CA238 /* Debug */,
				A55153221C7CAA87003CA238 /* Release */,
			);
			defaultConfigurationIsVisible = 0;
			defaultConfigurationName = Release;
		};
		A55153231C7CAA87003CA238 /* Build configuration list for PBXNativeTarget "Timeline" */ = {
			isa = XCConfigurationList;
			buildConfigurations = (
				A55153241C7CAA87003CA238 /* Debug */,
				A55153251C7CAA87003CA238 /* Release */,
			);
			defaultConfigurationIsVisible = 0;
		};
/* End XCConfigurationList section */
	};
	rootObject = A55153091C7CAA87003CA238 /* Project object */;
}
